
Microsoft Visual Studio Solution File, Format Version 12.00
# Visual Studio Version 16
VisualStudioVersion = 16.0.29201.188
MinimumVisualStudioVersion = 10.0.40219.1
Project("{FAE04EC0-301F-11D3-BF4B-00C04F79EFBC}") = "MyVet.Common", "MyVet.Common\MyVet.Common.csproj", "{B6E918D8-761D-4004-AF8F-1D0D27078EED}"
EndProject
Project("{FAE04EC0-301F-11D3-BF4B-00C04F79EFBC}") = "MyVet.Web", "MyVet.Web\MyVet.Web.csproj", "{7280F6A0-6A79-4CBD-84A3-F450661DE567}"
EndProject
Global
	GlobalSection(SolutionConfigurationPlatforms) = preSolution
		Debug|Any CPU = Debug|Any CPU
		Release|Any CPU = Release|Any CPU
	EndGlobalSection
	GlobalSection(ProjectConfigurationPlatforms) = postSolution
		{B6E918D8-761D-4004-AF8F-1D0D27078EED}.Debug|Any CPU.ActiveCfg = Debug|Any CPU
		{B6E918D8-761D-4004-AF8F-1D0D27078EED}.Debug|Any CPU.Build.0 = Debug|Any CPU
		{B6E918D8-761D-4004-AF8F-1D0D27078EED}.Release|Any CPU.ActiveCfg = Release|Any CPU
		{B6E918D8-761D-4004-AF8F-1D0D27078EED}.Release|Any CPU.Build.0 = Release|Any CPU
		{7280F6A0-6A79-4CBD-84A3-F450661DE567}.Debug|Any CPU.ActiveCfg = Debug|Any CPU
		{7280F6A0-6A79-4CBD-84A3-F450661DE567}.Debug|Any CPU.Build.0 = Debug|Any CPU
		{7280F6A0-6A79-4CBD-84A3-F450661DE567}.Release|Any CPU.ActiveCfg = Release|Any CPU
		{7280F6A0-6A79-4CBD-84A3-F450661DE567}.Release|Any CPU.Build.0 = Release|Any CPU
	EndGlobalSection
	GlobalSection(SolutionProperties) = preSolution
		HideSolutionNode = FALSE
	EndGlobalSection
	GlobalSection(ExtensibilityGlobals) = postSolution
		SolutionGuid = {89284552-ED2C-434F-AA33-A21EAC00E6C7}
	EndGlobalSection
EndGlobal
