
Microsoft Visual Studio Solution File, Format Version 12.00
# Visual Studio Version 16
VisualStudioVersion = 16.0.29201.188
MinimumVisualStudioVersion = 10.0.40219.1
Project("{9A19103F-16F7-4668-BE54-9A1E7A4F7556}") = "MyVet.Common", "MyVet.Common\MyVet.Common.csproj", "{B6E918D8-761D-4004-AF8F-1D0D27078EED}"
EndProject
Project("{9A19103F-16F7-4668-BE54-9A1E7A4F7556}") = "MyVet.Web", "MyVet.Web\MyVet.Web.csproj", "{7280F6A0-6A79-4CBD-84A3-F450661DE567}"
EndProject
Project("{FAE04EC0-301F-11D3-BF4B-00C04F79EFBC}") = "MyVet.Prism", "MyVet.Prism\MyVet.Prism\MyVet.Prism.csproj", "{2F056B03-142B-4ACA-9CCD-5A2B8A734E34}"
EndProject
Project("{FAE04EC0-301F-11D3-BF4B-00C04F79EFBC}") = "MyVet.Prism.Android", "MyVet.Prism\MyVet.Prism.Android\MyVet.Prism.Android.csproj", "{C64B1DEA-45F1-4F2C-A618-576B1C3F2755}"
EndProject
Project("{FAE04EC0-301F-11D3-BF4B-00C04F79EFBC}") = "MyVet.Prism.iOS", "MyVet.Prism\MyVet.Prism.iOS\MyVet.Prism.iOS.csproj", "{199A47BA-AA87-4F50-832A-A6D1329D6535}"
EndProject
Project("{FAE04EC0-301F-11D3-BF4B-00C04F79EFBC}") = "MyVet.Prism.UWP", "MyVet.Prism\MyVet.Prism.UWP\MyVet.Prism.UWP.csproj", "{9B03DE44-9679-4386-8B12-6CEA2A9DDB73}"
EndProject
Global
	GlobalSection(SolutionConfigurationPlatforms) = preSolution
		Ad-Hoc|Any CPU = Ad-Hoc|Any CPU
		Ad-Hoc|ARM = Ad-Hoc|ARM
		Ad-Hoc|iPhone = Ad-Hoc|iPhone
		Ad-Hoc|iPhoneSimulator = Ad-Hoc|iPhoneSimulator
		Ad-Hoc|x64 = Ad-Hoc|x64
		Ad-Hoc|x86 = Ad-Hoc|x86
		AppStore|Any CPU = AppStore|Any CPU
		AppStore|ARM = AppStore|ARM
		AppStore|iPhone = AppStore|iPhone
		AppStore|iPhoneSimulator = AppStore|iPhoneSimulator
		AppStore|x64 = AppStore|x64
		AppStore|x86 = AppStore|x86
		Debug|Any CPU = Debug|Any CPU
		Debug|ARM = Debug|ARM
		Debug|iPhone = Debug|iPhone
		Debug|iPhoneSimulator = Debug|iPhoneSimulator
		Debug|x64 = Debug|x64
		Debug|x86 = Debug|x86
		Release|Any CPU = Release|Any CPU
		Release|ARM = Release|ARM
		Release|iPhone = Release|iPhone
		Release|iPhoneSimulator = Release|iPhoneSimulator
		Release|x64 = Release|x64
		Release|x86 = Release|x86
	EndGlobalSection
	GlobalSection(ProjectConfigurationPlatforms) = postSolution
		{B6E918D8-761D-4004-AF8F-1D0D27078EED}.Ad-Hoc|Any CPU.ActiveCfg = Release|Any CPU
		{B6E918D8-761D-4004-AF8F-1D0D27078EED}.Ad-Hoc|Any CPU.Build.0 = Release|Any CPU
		{B6E918D8-761D-4004-AF8F-1D0D27078EED}.Ad-Hoc|ARM.ActiveCfg = Release|Any CPU
		{B6E918D8-761D-4004-AF8F-1D0D27078EED}.Ad-Hoc|ARM.Build.0 = Release|Any CPU
		{B6E918D8-761D-4004-AF8F-1D0D27078EED}.Ad-Hoc|iPhone.ActiveCfg = Release|Any CPU
		{B6E918D8-761D-4004-AF8F-1D0D27078EED}.Ad-Hoc|iPhone.Build.0 = Release|Any CPU
		{B6E918D8-761D-4004-AF8F-1D0D27078EED}.Ad-Hoc|iPhoneSimulator.ActiveCfg = Release|Any CPU
		{B6E918D8-761D-4004-AF8F-1D0D27078EED}.Ad-Hoc|iPhoneSimulator.Build.0 = Release|Any CPU
		{B6E918D8-761D-4004-AF8F-1D0D27078EED}.Ad-Hoc|x64.ActiveCfg = Release|Any CPU
		{B6E918D8-761D-4004-AF8F-1D0D27078EED}.Ad-Hoc|x64.Build.0 = Release|Any CPU
		{B6E918D8-761D-4004-AF8F-1D0D27078EED}.Ad-Hoc|x86.ActiveCfg = Release|Any CPU
		{B6E918D8-761D-4004-AF8F-1D0D27078EED}.Ad-Hoc|x86.Build.0 = Release|Any CPU
		{B6E918D8-761D-4004-AF8F-1D0D27078EED}.AppStore|Any CPU.ActiveCfg = Release|Any CPU
		{B6E918D8-761D-4004-AF8F-1D0D27078EED}.AppStore|Any CPU.Build.0 = Release|Any CPU
		{B6E918D8-761D-4004-AF8F-1D0D27078EED}.AppStore|ARM.ActiveCfg = Release|Any CPU
		{B6E918D8-761D-4004-AF8F-1D0D27078EED}.AppStore|ARM.Build.0 = Release|Any CPU
		{B6E918D8-761D-4004-AF8F-1D0D27078EED}.AppStore|iPhone.ActiveCfg = Release|Any CPU
		{B6E918D8-761D-4004-AF8F-1D0D27078EED}.AppStore|iPhone.Build.0 = Release|Any CPU
		{B6E918D8-761D-4004-AF8F-1D0D27078EED}.AppStore|iPhoneSimulator.ActiveCfg = Release|Any CPU
		{B6E918D8-761D-4004-AF8F-1D0D27078EED}.AppStore|iPhoneSimulator.Build.0 = Release|Any CPU
		{B6E918D8-761D-4004-AF8F-1D0D27078EED}.AppStore|x64.ActiveCfg = Release|Any CPU
		{B6E918D8-761D-4004-AF8F-1D0D27078EED}.AppStore|x64.Build.0 = Release|Any CPU
		{B6E918D8-761D-4004-AF8F-1D0D27078EED}.AppStore|x86.ActiveCfg = Release|Any CPU
		{B6E918D8-761D-4004-AF8F-1D0D27078EED}.AppStore|x86.Build.0 = Release|Any CPU
		{B6E918D8-761D-4004-AF8F-1D0D27078EED}.Debug|Any CPU.ActiveCfg = Debug|Any CPU
		{B6E918D8-761D-4004-AF8F-1D0D27078EED}.Debug|Any CPU.Build.0 = Debug|Any CPU
		{B6E918D8-761D-4004-AF8F-1D0D27078EED}.Debug|ARM.ActiveCfg = Debug|Any CPU
		{B6E918D8-761D-4004-AF8F-1D0D27078EED}.Debug|ARM.Build.0 = Debug|Any CPU
		{B6E918D8-761D-4004-AF8F-1D0D27078EED}.Debug|iPhone.ActiveCfg = Debug|Any CPU
		{B6E918D8-761D-4004-AF8F-1D0D27078EED}.Debug|iPhone.Build.0 = Debug|Any CPU
		{B6E918D8-761D-4004-AF8F-1D0D27078EED}.Debug|iPhoneSimulator.ActiveCfg = Debug|Any CPU
		{B6E918D8-761D-4004-AF8F-1D0D27078EED}.Debug|iPhoneSimulator.Build.0 = Debug|Any CPU
		{B6E918D8-761D-4004-AF8F-1D0D27078EED}.Debug|x64.ActiveCfg = Debug|Any CPU
		{B6E918D8-761D-4004-AF8F-1D0D27078EED}.Debug|x64.Build.0 = Debug|Any CPU
		{B6E918D8-761D-4004-AF8F-1D0D27078EED}.Debug|x86.ActiveCfg = Debug|Any CPU
		{B6E918D8-761D-4004-AF8F-1D0D27078EED}.Debug|x86.Build.0 = Debug|Any CPU
		{B6E918D8-761D-4004-AF8F-1D0D27078EED}.Release|Any CPU.ActiveCfg = Release|Any CPU
		{B6E918D8-761D-4004-AF8F-1D0D27078EED}.Release|Any CPU.Build.0 = Release|Any CPU
		{B6E918D8-761D-4004-AF8F-1D0D27078EED}.Release|ARM.ActiveCfg = Release|Any CPU
		{B6E918D8-761D-4004-AF8F-1D0D27078EED}.Release|ARM.Build.0 = Release|Any CPU
		{B6E918D8-761D-4004-AF8F-1D0D27078EED}.Release|iPhone.ActiveCfg = Release|Any CPU
		{B6E918D8-761D-4004-AF8F-1D0D27078EED}.Release|iPhone.Build.0 = Release|Any CPU
		{B6E918D8-761D-4004-AF8F-1D0D27078EED}.Release|iPhoneSimulator.ActiveCfg = Release|Any CPU
		{B6E918D8-761D-4004-AF8F-1D0D27078EED}.Release|iPhoneSimulator.Build.0 = Release|Any CPU
		{B6E918D8-761D-4004-AF8F-1D0D27078EED}.Release|x64.ActiveCfg = Release|Any CPU
		{B6E918D8-761D-4004-AF8F-1D0D27078EED}.Release|x64.Build.0 = Release|Any CPU
		{B6E918D8-761D-4004-AF8F-1D0D27078EED}.Release|x86.ActiveCfg = Release|Any CPU
		{B6E918D8-761D-4004-AF8F-1D0D27078EED}.Release|x86.Build.0 = Release|Any CPU
		{7280F6A0-6A79-4CBD-84A3-F450661DE567}.Ad-Hoc|Any CPU.ActiveCfg = Release|Any CPU
		{7280F6A0-6A79-4CBD-84A3-F450661DE567}.Ad-Hoc|Any CPU.Build.0 = Release|Any CPU
		{7280F6A0-6A79-4CBD-84A3-F450661DE567}.Ad-Hoc|ARM.ActiveCfg = Release|Any CPU
		{7280F6A0-6A79-4CBD-84A3-F450661DE567}.Ad-Hoc|ARM.Build.0 = Release|Any CPU
		{7280F6A0-6A79-4CBD-84A3-F450661DE567}.Ad-Hoc|iPhone.ActiveCfg = Release|Any CPU
		{7280F6A0-6A79-4CBD-84A3-F450661DE567}.Ad-Hoc|iPhone.Build.0 = Release|Any CPU
		{7280F6A0-6A79-4CBD-84A3-F450661DE567}.Ad-Hoc|iPhoneSimulator.ActiveCfg = Release|Any CPU
		{7280F6A0-6A79-4CBD-84A3-F450661DE567}.Ad-Hoc|iPhoneSimulator.Build.0 = Release|Any CPU
		{7280F6A0-6A79-4CBD-84A3-F450661DE567}.Ad-Hoc|x64.ActiveCfg = Release|Any CPU
		{7280F6A0-6A79-4CBD-84A3-F450661DE567}.Ad-Hoc|x64.Build.0 = Release|Any CPU
		{7280F6A0-6A79-4CBD-84A3-F450661DE567}.Ad-Hoc|x86.ActiveCfg = Release|Any CPU
		{7280F6A0-6A79-4CBD-84A3-F450661DE567}.Ad-Hoc|x86.Build.0 = Release|Any CPU
		{7280F6A0-6A79-4CBD-84A3-F450661DE567}.AppStore|Any CPU.ActiveCfg = Release|Any CPU
		{7280F6A0-6A79-4CBD-84A3-F450661DE567}.AppStore|Any CPU.Build.0 = Release|Any CPU
		{7280F6A0-6A79-4CBD-84A3-F450661DE567}.AppStore|ARM.ActiveCfg = Release|Any CPU
		{7280F6A0-6A79-4CBD-84A3-F450661DE567}.AppStore|ARM.Build.0 = Release|Any CPU
		{7280F6A0-6A79-4CBD-84A3-F450661DE567}.AppStore|iPhone.ActiveCfg = Release|Any CPU
		{7280F6A0-6A79-4CBD-84A3-F450661DE567}.AppStore|iPhone.Build.0 = Release|Any CPU
		{7280F6A0-6A79-4CBD-84A3-F450661DE567}.AppStore|iPhoneSimulator.ActiveCfg = Release|Any CPU
		{7280F6A0-6A79-4CBD-84A3-F450661DE567}.AppStore|iPhoneSimulator.Build.0 = Release|Any CPU
		{7280F6A0-6A79-4CBD-84A3-F450661DE567}.AppStore|x64.ActiveCfg = Release|Any CPU
		{7280F6A0-6A79-4CBD-84A3-F450661DE567}.AppStore|x64.Build.0 = Release|Any CPU
		{7280F6A0-6A79-4CBD-84A3-F450661DE567}.AppStore|x86.ActiveCfg = Release|Any CPU
		{7280F6A0-6A79-4CBD-84A3-F450661DE567}.AppStore|x86.Build.0 = Release|Any CPU
		{7280F6A0-6A79-4CBD-84A3-F450661DE567}.Debug|Any CPU.ActiveCfg = Debug|Any CPU
		{7280F6A0-6A79-4CBD-84A3-F450661DE567}.Debug|Any CPU.Build.0 = Debug|Any CPU
		{7280F6A0-6A79-4CBD-84A3-F450661DE567}.Debug|ARM.ActiveCfg = Debug|Any CPU
		{7280F6A0-6A79-4CBD-84A3-F450661DE567}.Debug|ARM.Build.0 = Debug|Any CPU
		{7280F6A0-6A79-4CBD-84A3-F450661DE567}.Debug|iPhone.ActiveCfg = Debug|Any CPU
		{7280F6A0-6A79-4CBD-84A3-F450661DE567}.Debug|iPhone.Build.0 = Debug|Any CPU
		{7280F6A0-6A79-4CBD-84A3-F450661DE567}.Debug|iPhoneSimulator.ActiveCfg = Debug|Any CPU
		{7280F6A0-6A79-4CBD-84A3-F450661DE567}.Debug|iPhoneSimulator.Build.0 = Debug|Any CPU
		{7280F6A0-6A79-4CBD-84A3-F450661DE567}.Debug|x64.ActiveCfg = Debug|Any CPU
		{7280F6A0-6A79-4CBD-84A3-F450661DE567}.Debug|x64.Build.0 = Debug|Any CPU
		{7280F6A0-6A79-4CBD-84A3-F450661DE567}.Debug|x86.ActiveCfg = Debug|Any CPU
		{7280F6A0-6A79-4CBD-84A3-F450661DE567}.Debug|x86.Build.0 = Debug|Any CPU
		{7280F6A0-6A79-4CBD-84A3-F450661DE567}.Release|Any CPU.ActiveCfg = Release|Any CPU
		{7280F6A0-6A79-4CBD-84A3-F450661DE567}.Release|Any CPU.Build.0 = Release|Any CPU
		{7280F6A0-6A79-4CBD-84A3-F450661DE567}.Release|ARM.ActiveCfg = Release|Any CPU
		{7280F6A0-6A79-4CBD-84A3-F450661DE567}.Release|ARM.Build.0 = Release|Any CPU
		{7280F6A0-6A79-4CBD-84A3-F450661DE567}.Release|iPhone.ActiveCfg = Release|Any CPU
		{7280F6A0-6A79-4CBD-84A3-F450661DE567}.Release|iPhone.Build.0 = Release|Any CPU
		{7280F6A0-6A79-4CBD-84A3-F450661DE567}.Release|iPhoneSimulator.ActiveCfg = Release|Any CPU
		{7280F6A0-6A79-4CBD-84A3-F450661DE567}.Release|iPhoneSimulator.Build.0 = Release|Any CPU
		{7280F6A0-6A79-4CBD-84A3-F450661DE567}.Release|x64.ActiveCfg = Release|Any CPU
		{7280F6A0-6A79-4CBD-84A3-F450661DE567}.Release|x64.Build.0 = Release|Any CPU
		{7280F6A0-6A79-4CBD-84A3-F450661DE567}.Release|x86.ActiveCfg = Release|Any CPU
		{7280F6A0-6A79-4CBD-84A3-F450661DE567}.Release|x86.Build.0 = Release|Any CPU
		{2F056B03-142B-4ACA-9CCD-5A2B8A734E34}.Ad-Hoc|Any CPU.ActiveCfg = Debug|Any CPU
		{2F056B03-142B-4ACA-9CCD-5A2B8A734E34}.Ad-Hoc|Any CPU.Build.0 = Debug|Any CPU
		{2F056B03-142B-4ACA-9CCD-5A2B8A734E34}.Ad-Hoc|ARM.ActiveCfg = Debug|Any CPU
		{2F056B03-142B-4ACA-9CCD-5A2B8A734E34}.Ad-Hoc|ARM.Build.0 = Debug|Any CPU
		{2F056B03-142B-4ACA-9CCD-5A2B8A734E34}.Ad-Hoc|iPhone.ActiveCfg = Debug|Any CPU
		{2F056B03-142B-4ACA-9CCD-5A2B8A734E34}.Ad-Hoc|iPhone.Build.0 = Debug|Any CPU
		{2F056B03-142B-4ACA-9CCD-5A2B8A734E34}.Ad-Hoc|iPhoneSimulator.ActiveCfg = Debug|Any CPU
		{2F056B03-142B-4ACA-9CCD-5A2B8A734E34}.Ad-Hoc|iPhoneSimulator.Build.0 = Debug|Any CPU
		{2F056B03-142B-4ACA-9CCD-5A2B8A734E34}.Ad-Hoc|x64.ActiveCfg = Debug|Any CPU
		{2F056B03-142B-4ACA-9CCD-5A2B8A734E34}.Ad-Hoc|x64.Build.0 = Debug|Any CPU
		{2F056B03-142B-4ACA-9CCD-5A2B8A734E34}.Ad-Hoc|x86.ActiveCfg = Debug|Any CPU
		{2F056B03-142B-4ACA-9CCD-5A2B8A734E34}.Ad-Hoc|x86.Build.0 = Debug|Any CPU
		{2F056B03-142B-4ACA-9CCD-5A2B8A734E34}.AppStore|Any CPU.ActiveCfg = Debug|Any CPU
		{2F056B03-142B-4ACA-9CCD-5A2B8A734E34}.AppStore|Any CPU.Build.0 = Debug|Any CPU
		{2F056B03-142B-4ACA-9CCD-5A2B8A734E34}.AppStore|ARM.ActiveCfg = Debug|Any CPU
		{2F056B03-142B-4ACA-9CCD-5A2B8A734E34}.AppStore|ARM.Build.0 = Debug|Any CPU
		{2F056B03-142B-4ACA-9CCD-5A2B8A734E34}.AppStore|iPhone.ActiveCfg = Debug|Any CPU
		{2F056B03-142B-4ACA-9CCD-5A2B8A734E34}.AppStore|iPhone.Build.0 = Debug|Any CPU
		{2F056B03-142B-4ACA-9CCD-5A2B8A734E34}.AppStore|iPhoneSimulator.ActiveCfg = Debug|Any CPU
		{2F056B03-142B-4ACA-9CCD-5A2B8A734E34}.AppStore|iPhoneSimulator.Build.0 = Debug|Any CPU
		{2F056B03-142B-4ACA-9CCD-5A2B8A734E34}.AppStore|x64.ActiveCfg = Debug|Any CPU
		{2F056B03-142B-4ACA-9CCD-5A2B8A734E34}.AppStore|x64.Build.0 = Debug|Any CPU
		{2F056B03-142B-4ACA-9CCD-5A2B8A734E34}.AppStore|x86.ActiveCfg = Debug|Any CPU
		{2F056B03-142B-4ACA-9CCD-5A2B8A734E34}.AppStore|x86.Build.0 = Debug|Any CPU
		{2F056B03-142B-4ACA-9CCD-5A2B8A734E34}.Debug|Any CPU.ActiveCfg = Debug|Any CPU
		{2F056B03-142B-4ACA-9CCD-5A2B8A734E34}.Debug|Any CPU.Build.0 = Debug|Any CPU
		{2F056B03-142B-4ACA-9CCD-5A2B8A734E34}.Debug|ARM.ActiveCfg = Debug|Any CPU
		{2F056B03-142B-4ACA-9CCD-5A2B8A734E34}.Debug|ARM.Build.0 = Debug|Any CPU
		{2F056B03-142B-4ACA-9CCD-5A2B8A734E34}.Debug|iPhone.ActiveCfg = Debug|Any CPU
		{2F056B03-142B-4ACA-9CCD-5A2B8A734E34}.Debug|iPhone.Build.0 = Debug|Any CPU
		{2F056B03-142B-4ACA-9CCD-5A2B8A734E34}.Debug|iPhoneSimulator.ActiveCfg = Debug|Any CPU
		{2F056B03-142B-4ACA-9CCD-5A2B8A734E34}.Debug|iPhoneSimulator.Build.0 = Debug|Any CPU
		{2F056B03-142B-4ACA-9CCD-5A2B8A734E34}.Debug|x64.ActiveCfg = Debug|Any CPU
		{2F056B03-142B-4ACA-9CCD-5A2B8A734E34}.Debug|x64.Build.0 = Debug|Any CPU
		{2F056B03-142B-4ACA-9CCD-5A2B8A734E34}.Debug|x86.ActiveCfg = Debug|Any CPU
		{2F056B03-142B-4ACA-9CCD-5A2B8A734E34}.Debug|x86.Build.0 = Debug|Any CPU
		{2F056B03-142B-4ACA-9CCD-5A2B8A734E34}.Release|Any CPU.ActiveCfg = Release|Any CPU
		{2F056B03-142B-4ACA-9CCD-5A2B8A734E34}.Release|Any CPU.Build.0 = Release|Any CPU
		{2F056B03-142B-4ACA-9CCD-5A2B8A734E34}.Release|ARM.ActiveCfg = Release|Any CPU
		{2F056B03-142B-4ACA-9CCD-5A2B8A734E34}.Release|ARM.Build.0 = Release|Any CPU
		{2F056B03-142B-4ACA-9CCD-5A2B8A734E34}.Release|iPhone.ActiveCfg = Release|Any CPU
		{2F056B03-142B-4ACA-9CCD-5A2B8A734E34}.Release|iPhone.Build.0 = Release|Any CPU
		{2F056B03-142B-4ACA-9CCD-5A2B8A734E34}.Release|iPhoneSimulator.ActiveCfg = Release|Any CPU
		{2F056B03-142B-4ACA-9CCD-5A2B8A734E34}.Release|iPhoneSimulator.Build.0 = Release|Any CPU
		{2F056B03-142B-4ACA-9CCD-5A2B8A734E34}.Release|x64.ActiveCfg = Release|Any CPU
		{2F056B03-142B-4ACA-9CCD-5A2B8A734E34}.Release|x64.Build.0 = Release|Any CPU
		{2F056B03-142B-4ACA-9CCD-5A2B8A734E34}.Release|x86.ActiveCfg = Release|Any CPU
		{2F056B03-142B-4ACA-9CCD-5A2B8A734E34}.Release|x86.Build.0 = Release|Any CPU
		{C64B1DEA-45F1-4F2C-A618-576B1C3F2755}.Ad-Hoc|Any CPU.ActiveCfg = Release|Any CPU
		{C64B1DEA-45F1-4F2C-A618-576B1C3F2755}.Ad-Hoc|Any CPU.Build.0 = Release|Any CPU
		{C64B1DEA-45F1-4F2C-A618-576B1C3F2755}.Ad-Hoc|Any CPU.Deploy.0 = Release|Any CPU
		{C64B1DEA-45F1-4F2C-A618-576B1C3F2755}.Ad-Hoc|ARM.ActiveCfg = Release|Any CPU
		{C64B1DEA-45F1-4F2C-A618-576B1C3F2755}.Ad-Hoc|ARM.Build.0 = Release|Any CPU
		{C64B1DEA-45F1-4F2C-A618-576B1C3F2755}.Ad-Hoc|ARM.Deploy.0 = Release|Any CPU
		{C64B1DEA-45F1-4F2C-A618-576B1C3F2755}.Ad-Hoc|iPhone.ActiveCfg = Release|Any CPU
		{C64B1DEA-45F1-4F2C-A618-576B1C3F2755}.Ad-Hoc|iPhone.Build.0 = Release|Any CPU
		{C64B1DEA-45F1-4F2C-A618-576B1C3F2755}.Ad-Hoc|iPhone.Deploy.0 = Release|Any CPU
		{C64B1DEA-45F1-4F2C-A618-576B1C3F2755}.Ad-Hoc|iPhoneSimulator.ActiveCfg = Release|Any CPU
		{C64B1DEA-45F1-4F2C-A618-576B1C3F2755}.Ad-Hoc|iPhoneSimulator.Build.0 = Release|Any CPU
		{C64B1DEA-45F1-4F2C-A618-576B1C3F2755}.Ad-Hoc|iPhoneSimulator.Deploy.0 = Release|Any CPU
		{C64B1DEA-45F1-4F2C-A618-576B1C3F2755}.Ad-Hoc|x64.ActiveCfg = Release|Any CPU
		{C64B1DEA-45F1-4F2C-A618-576B1C3F2755}.Ad-Hoc|x64.Build.0 = Release|Any CPU
		{C64B1DEA-45F1-4F2C-A618-576B1C3F2755}.Ad-Hoc|x64.Deploy.0 = Release|Any CPU
		{C64B1DEA-45F1-4F2C-A618-576B1C3F2755}.Ad-Hoc|x86.ActiveCfg = Release|Any CPU
		{C64B1DEA-45F1-4F2C-A618-576B1C3F2755}.Ad-Hoc|x86.Build.0 = Release|Any CPU
		{C64B1DEA-45F1-4F2C-A618-576B1C3F2755}.Ad-Hoc|x86.Deploy.0 = Release|Any CPU
		{C64B1DEA-45F1-4F2C-A618-576B1C3F2755}.AppStore|Any CPU.ActiveCfg = Release|Any CPU
		{C64B1DEA-45F1-4F2C-A618-576B1C3F2755}.AppStore|Any CPU.Build.0 = Release|Any CPU
		{C64B1DEA-45F1-4F2C-A618-576B1C3F2755}.AppStore|Any CPU.Deploy.0 = Release|Any CPU
		{C64B1DEA-45F1-4F2C-A618-576B1C3F2755}.AppStore|ARM.ActiveCfg = Release|Any CPU
		{C64B1DEA-45F1-4F2C-A618-576B1C3F2755}.AppStore|ARM.Build.0 = Release|Any CPU
		{C64B1DEA-45F1-4F2C-A618-576B1C3F2755}.AppStore|ARM.Deploy.0 = Release|Any CPU
		{C64B1DEA-45F1-4F2C-A618-576B1C3F2755}.AppStore|iPhone.ActiveCfg = Release|Any CPU
		{C64B1DEA-45F1-4F2C-A618-576B1C3F2755}.AppStore|iPhone.Build.0 = Release|Any CPU
		{C64B1DEA-45F1-4F2C-A618-576B1C3F2755}.AppStore|iPhone.Deploy.0 = Release|Any CPU
		{C64B1DEA-45F1-4F2C-A618-576B1C3F2755}.AppStore|iPhoneSimulator.ActiveCfg = Release|Any CPU
		{C64B1DEA-45F1-4F2C-A618-576B1C3F2755}.AppStore|iPhoneSimulator.Build.0 = Release|Any CPU
		{C64B1DEA-45F1-4F2C-A618-576B1C3F2755}.AppStore|iPhoneSimulator.Deploy.0 = Release|Any CPU
		{C64B1DEA-45F1-4F2C-A618-576B1C3F2755}.AppStore|x64.ActiveCfg = Release|Any CPU
		{C64B1DEA-45F1-4F2C-A618-576B1C3F2755}.AppStore|x64.Build.0 = Release|Any CPU
		{C64B1DEA-45F1-4F2C-A618-576B1C3F2755}.AppStore|x64.Deploy.0 = Release|Any CPU
		{C64B1DEA-45F1-4F2C-A618-576B1C3F2755}.AppStore|x86.ActiveCfg = Release|Any CPU
		{C64B1DEA-45F1-4F2C-A618-576B1C3F2755}.AppStore|x86.Build.0 = Release|Any CPU
		{C64B1DEA-45F1-4F2C-A618-576B1C3F2755}.AppStore|x86.Deploy.0 = Release|Any CPU
		{C64B1DEA-45F1-4F2C-A618-576B1C3F2755}.Debug|Any CPU.ActiveCfg = Debug|Any CPU
		{C64B1DEA-45F1-4F2C-A618-576B1C3F2755}.Debug|Any CPU.Build.0 = Debug|Any CPU
		{C64B1DEA-45F1-4F2C-A618-576B1C3F2755}.Debug|Any CPU.Deploy.0 = Debug|Any CPU
		{C64B1DEA-45F1-4F2C-A618-576B1C3F2755}.Debug|ARM.ActiveCfg = Debug|Any CPU
		{C64B1DEA-45F1-4F2C-A618-576B1C3F2755}.Debug|ARM.Build.0 = Debug|Any CPU
		{C64B1DEA-45F1-4F2C-A618-576B1C3F2755}.Debug|ARM.Deploy.0 = Debug|Any CPU
		{C64B1DEA-45F1-4F2C-A618-576B1C3F2755}.Debug|iPhone.ActiveCfg = Debug|Any CPU
		{C64B1DEA-45F1-4F2C-A618-576B1C3F2755}.Debug|iPhone.Build.0 = Debug|Any CPU
		{C64B1DEA-45F1-4F2C-A618-576B1C3F2755}.Debug|iPhone.Deploy.0 = Debug|Any CPU
		{C64B1DEA-45F1-4F2C-A618-576B1C3F2755}.Debug|iPhoneSimulator.ActiveCfg = Debug|Any CPU
		{C64B1DEA-45F1-4F2C-A618-576B1C3F2755}.Debug|iPhoneSimulator.Build.0 = Debug|Any CPU
		{C64B1DEA-45F1-4F2C-A618-576B1C3F2755}.Debug|iPhoneSimulator.Deploy.0 = Debug|Any CPU
		{C64B1DEA-45F1-4F2C-A618-576B1C3F2755}.Debug|x64.ActiveCfg = Debug|Any CPU
		{C64B1DEA-45F1-4F2C-A618-576B1C3F2755}.Debug|x64.Build.0 = Debug|Any CPU
		{C64B1DEA-45F1-4F2C-A618-576B1C3F2755}.Debug|x64.Deploy.0 = Debug|Any CPU
		{C64B1DEA-45F1-4F2C-A618-576B1C3F2755}.Debug|x86.ActiveCfg = Debug|Any CPU
		{C64B1DEA-45F1-4F2C-A618-576B1C3F2755}.Debug|x86.Build.0 = Debug|Any CPU
		{C64B1DEA-45F1-4F2C-A618-576B1C3F2755}.Debug|x86.Deploy.0 = Debug|Any CPU
		{C64B1DEA-45F1-4F2C-A618-576B1C3F2755}.Release|Any CPU.ActiveCfg = Release|Any CPU
		{C64B1DEA-45F1-4F2C-A618-576B1C3F2755}.Release|Any CPU.Build.0 = Release|Any CPU
		{C64B1DEA-45F1-4F2C-A618-576B1C3F2755}.Release|Any CPU.Deploy.0 = Release|Any CPU
		{C64B1DEA-45F1-4F2C-A618-576B1C3F2755}.Release|ARM.ActiveCfg = Release|Any CPU
		{C64B1DEA-45F1-4F2C-A618-576B1C3F2755}.Release|ARM.Build.0 = Release|Any CPU
		{C64B1DEA-45F1-4F2C-A618-576B1C3F2755}.Release|ARM.Deploy.0 = Release|Any CPU
		{C64B1DEA-45F1-4F2C-A618-576B1C3F2755}.Release|iPhone.ActiveCfg = Release|Any CPU
		{C64B1DEA-45F1-4F2C-A618-576B1C3F2755}.Release|iPhone.Build.0 = Release|Any CPU
		{C64B1DEA-45F1-4F2C-A618-576B1C3F2755}.Release|iPhone.Deploy.0 = Release|Any CPU
		{C64B1DEA-45F1-4F2C-A618-576B1C3F2755}.Release|iPhoneSimulator.ActiveCfg = Release|Any CPU
		{C64B1DEA-45F1-4F2C-A618-576B1C3F2755}.Release|iPhoneSimulator.Build.0 = Release|Any CPU
		{C64B1DEA-45F1-4F2C-A618-576B1C3F2755}.Release|iPhoneSimulator.Deploy.0 = Release|Any CPU
		{C64B1DEA-45F1-4F2C-A618-576B1C3F2755}.Release|x64.ActiveCfg = Release|Any CPU
		{C64B1DEA-45F1-4F2C-A618-576B1C3F2755}.Release|x64.Build.0 = Release|Any CPU
		{C64B1DEA-45F1-4F2C-A618-576B1C3F2755}.Release|x64.Deploy.0 = Release|Any CPU
		{C64B1DEA-45F1-4F2C-A618-576B1C3F2755}.Release|x86.ActiveCfg = Release|Any CPU
		{C64B1DEA-45F1-4F2C-A618-576B1C3F2755}.Release|x86.Build.0 = Release|Any CPU
		{C64B1DEA-45F1-4F2C-A618-576B1C3F2755}.Release|x86.Deploy.0 = Release|Any CPU
		{199A47BA-AA87-4F50-832A-A6D1329D6535}.Ad-Hoc|Any CPU.ActiveCfg = Ad-Hoc|iPhone
		{199A47BA-AA87-4F50-832A-A6D1329D6535}.Ad-Hoc|ARM.ActiveCfg = Ad-Hoc|iPhone
		{199A47BA-AA87-4F50-832A-A6D1329D6535}.Ad-Hoc|iPhone.ActiveCfg = Ad-Hoc|iPhone
		{199A47BA-AA87-4F50-832A-A6D1329D6535}.Ad-Hoc|iPhone.Build.0 = Ad-Hoc|iPhone
		{199A47BA-AA87-4F50-832A-A6D1329D6535}.Ad-Hoc|iPhoneSimulator.ActiveCfg = Ad-Hoc|iPhoneSimulator
		{199A47BA-AA87-4F50-832A-A6D1329D6535}.Ad-Hoc|iPhoneSimulator.Build.0 = Ad-Hoc|iPhoneSimulator
		{199A47BA-AA87-4F50-832A-A6D1329D6535}.Ad-Hoc|x64.ActiveCfg = Ad-Hoc|iPhone
		{199A47BA-AA87-4F50-832A-A6D1329D6535}.Ad-Hoc|x86.ActiveCfg = Ad-Hoc|iPhone
		{199A47BA-AA87-4F50-832A-A6D1329D6535}.AppStore|Any CPU.ActiveCfg = AppStore|iPhone
		{199A47BA-AA87-4F50-832A-A6D1329D6535}.AppStore|ARM.ActiveCfg = AppStore|iPhone
		{199A47BA-AA87-4F50-832A-A6D1329D6535}.AppStore|iPhone.ActiveCfg = AppStore|iPhone
		{199A47BA-AA87-4F50-832A-A6D1329D6535}.AppStore|iPhone.Build.0 = AppStore|iPhone
		{199A47BA-AA87-4F50-832A-A6D1329D6535}.AppStore|iPhoneSimulator.ActiveCfg = AppStore|iPhoneSimulator
		{199A47BA-AA87-4F50-832A-A6D1329D6535}.AppStore|iPhoneSimulator.Build.0 = AppStore|iPhoneSimulator
		{199A47BA-AA87-4F50-832A-A6D1329D6535}.AppStore|x64.ActiveCfg = AppStore|iPhone
		{199A47BA-AA87-4F50-832A-A6D1329D6535}.AppStore|x86.ActiveCfg = AppStore|iPhone
		{199A47BA-AA87-4F50-832A-A6D1329D6535}.Debug|Any CPU.ActiveCfg = Debug|iPhone
		{199A47BA-AA87-4F50-832A-A6D1329D6535}.Debug|ARM.ActiveCfg = Debug|iPhone
		{199A47BA-AA87-4F50-832A-A6D1329D6535}.Debug|iPhone.ActiveCfg = Debug|iPhone
		{199A47BA-AA87-4F50-832A-A6D1329D6535}.Debug|iPhone.Build.0 = Debug|iPhone
		{199A47BA-AA87-4F50-832A-A6D1329D6535}.Debug|iPhoneSimulator.ActiveCfg = Debug|iPhoneSimulator
		{199A47BA-AA87-4F50-832A-A6D1329D6535}.Debug|iPhoneSimulator.Build.0 = Debug|iPhoneSimulator
		{199A47BA-AA87-4F50-832A-A6D1329D6535}.Debug|x64.ActiveCfg = Debug|iPhone
		{199A47BA-AA87-4F50-832A-A6D1329D6535}.Debug|x86.ActiveCfg = Debug|iPhone
		{199A47BA-AA87-4F50-832A-A6D1329D6535}.Release|Any CPU.ActiveCfg = Release|iPhone
		{199A47BA-AA87-4F50-832A-A6D1329D6535}.Release|ARM.ActiveCfg = Release|iPhone
		{199A47BA-AA87-4F50-832A-A6D1329D6535}.Release|iPhone.ActiveCfg = Release|iPhone
		{199A47BA-AA87-4F50-832A-A6D1329D6535}.Release|iPhone.Build.0 = Release|iPhone
		{199A47BA-AA87-4F50-832A-A6D1329D6535}.Release|iPhoneSimulator.ActiveCfg = Release|iPhoneSimulator
		{199A47BA-AA87-4F50-832A-A6D1329D6535}.Release|iPhoneSimulator.Build.0 = Release|iPhoneSimulator
		{199A47BA-AA87-4F50-832A-A6D1329D6535}.Release|x64.ActiveCfg = Release|iPhone
		{199A47BA-AA87-4F50-832A-A6D1329D6535}.Release|x86.ActiveCfg = Release|iPhone
		{9B03DE44-9679-4386-8B12-6CEA2A9DDB73}.Ad-Hoc|Any CPU.ActiveCfg = Release|x86
		{9B03DE44-9679-4386-8B12-6CEA2A9DDB73}.Ad-Hoc|Any CPU.Build.0 = Release|x86
		{9B03DE44-9679-4386-8B12-6CEA2A9DDB73}.Ad-Hoc|Any CPU.Deploy.0 = Release|x86
		{9B03DE44-9679-4386-8B12-6CEA2A9DDB73}.Ad-Hoc|ARM.ActiveCfg = Release|ARM
		{9B03DE44-9679-4386-8B12-6CEA2A9DDB73}.Ad-Hoc|ARM.Build.0 = Release|ARM
		{9B03DE44-9679-4386-8B12-6CEA2A9DDB73}.Ad-Hoc|ARM.Deploy.0 = Release|ARM
		{9B03DE44-9679-4386-8B12-6CEA2A9DDB73}.Ad-Hoc|iPhone.ActiveCfg = Release|x86
		{9B03DE44-9679-4386-8B12-6CEA2A9DDB73}.Ad-Hoc|iPhone.Build.0 = Release|x86
		{9B03DE44-9679-4386-8B12-6CEA2A9DDB73}.Ad-Hoc|iPhone.Deploy.0 = Release|x86
		{9B03DE44-9679-4386-8B12-6CEA2A9DDB73}.Ad-Hoc|iPhoneSimulator.ActiveCfg = Release|x86
		{9B03DE44-9679-4386-8B12-6CEA2A9DDB73}.Ad-Hoc|iPhoneSimulator.Build.0 = Release|x86
		{9B03DE44-9679-4386-8B12-6CEA2A9DDB73}.Ad-Hoc|iPhoneSimulator.Deploy.0 = Release|x86
		{9B03DE44-9679-4386-8B12-6CEA2A9DDB73}.Ad-Hoc|x64.ActiveCfg = Release|x64
		{9B03DE44-9679-4386-8B12-6CEA2A9DDB73}.Ad-Hoc|x64.Build.0 = Release|x64
		{9B03DE44-9679-4386-8B12-6CEA2A9DDB73}.Ad-Hoc|x64.Deploy.0 = Release|x64
		{9B03DE44-9679-4386-8B12-6CEA2A9DDB73}.Ad-Hoc|x86.ActiveCfg = Release|x86
		{9B03DE44-9679-4386-8B12-6CEA2A9DDB73}.Ad-Hoc|x86.Build.0 = Release|x86
		{9B03DE44-9679-4386-8B12-6CEA2A9DDB73}.Ad-Hoc|x86.Deploy.0 = Release|x86
		{9B03DE44-9679-4386-8B12-6CEA2A9DDB73}.AppStore|Any CPU.ActiveCfg = Release|x86
		{9B03DE44-9679-4386-8B12-6CEA2A9DDB73}.AppStore|Any CPU.Build.0 = Release|x86
		{9B03DE44-9679-4386-8B12-6CEA2A9DDB73}.AppStore|Any CPU.Deploy.0 = Release|x86
		{9B03DE44-9679-4386-8B12-6CEA2A9DDB73}.AppStore|ARM.ActiveCfg = Release|ARM
		{9B03DE44-9679-4386-8B12-6CEA2A9DDB73}.AppStore|ARM.Build.0 = Release|ARM
		{9B03DE44-9679-4386-8B12-6CEA2A9DDB73}.AppStore|ARM.Deploy.0 = Release|ARM
		{9B03DE44-9679-4386-8B12-6CEA2A9DDB73}.AppStore|iPhone.ActiveCfg = Release|x86
		{9B03DE44-9679-4386-8B12-6CEA2A9DDB73}.AppStore|iPhone.Build.0 = Release|x86
		{9B03DE44-9679-4386-8B12-6CEA2A9DDB73}.AppStore|iPhone.Deploy.0 = Release|x86
		{9B03DE44-9679-4386-8B12-6CEA2A9DDB73}.AppStore|iPhoneSimulator.ActiveCfg = Release|x86
		{9B03DE44-9679-4386-8B12-6CEA2A9DDB73}.AppStore|iPhoneSimulator.Build.0 = Release|x86
		{9B03DE44-9679-4386-8B12-6CEA2A9DDB73}.AppStore|iPhoneSimulator.Deploy.0 = Release|x86
		{9B03DE44-9679-4386-8B12-6CEA2A9DDB73}.AppStore|x64.ActiveCfg = Release|x64
		{9B03DE44-9679-4386-8B12-6CEA2A9DDB73}.AppStore|x64.Build.0 = Release|x64
		{9B03DE44-9679-4386-8B12-6CEA2A9DDB73}.AppStore|x64.Deploy.0 = Release|x64
		{9B03DE44-9679-4386-8B12-6CEA2A9DDB73}.AppStore|x86.ActiveCfg = Release|x86
		{9B03DE44-9679-4386-8B12-6CEA2A9DDB73}.AppStore|x86.Build.0 = Release|x86
		{9B03DE44-9679-4386-8B12-6CEA2A9DDB73}.AppStore|x86.Deploy.0 = Release|x86
		{9B03DE44-9679-4386-8B12-6CEA2A9DDB73}.Debug|Any CPU.ActiveCfg = Debug|x86
		{9B03DE44-9679-4386-8B12-6CEA2A9DDB73}.Debug|ARM.ActiveCfg = Debug|ARM
		{9B03DE44-9679-4386-8B12-6CEA2A9DDB73}.Debug|ARM.Build.0 = Debug|ARM
		{9B03DE44-9679-4386-8B12-6CEA2A9DDB73}.Debug|ARM.Deploy.0 = Debug|ARM
		{9B03DE44-9679-4386-8B12-6CEA2A9DDB73}.Debug|iPhone.ActiveCfg = Debug|x86
		{9B03DE44-9679-4386-8B12-6CEA2A9DDB73}.Debug|iPhoneSimulator.ActiveCfg = Debug|x86
		{9B03DE44-9679-4386-8B12-6CEA2A9DDB73}.Debug|x64.ActiveCfg = Debug|x64
		{9B03DE44-9679-4386-8B12-6CEA2A9DDB73}.Debug|x64.Build.0 = Debug|x64
		{9B03DE44-9679-4386-8B12-6CEA2A9DDB73}.Debug|x64.Deploy.0 = Debug|x64
		{9B03DE44-9679-4386-8B12-6CEA2A9DDB73}.Debug|x86.ActiveCfg = Debug|x86
		{9B03DE44-9679-4386-8B12-6CEA2A9DDB73}.Debug|x86.Build.0 = Debug|x86
		{9B03DE44-9679-4386-8B12-6CEA2A9DDB73}.Debug|x86.Deploy.0 = Debug|x86
		{9B03DE44-9679-4386-8B12-6CEA2A9DDB73}.Release|Any CPU.ActiveCfg = Release|x86
		{9B03DE44-9679-4386-8B12-6CEA2A9DDB73}.Release|ARM.ActiveCfg = Release|ARM
		{9B03DE44-9679-4386-8B12-6CEA2A9DDB73}.Release|ARM.Build.0 = Release|ARM
		{9B03DE44-9679-4386-8B12-6CEA2A9DDB73}.Release|ARM.Deploy.0 = Release|ARM
		{9B03DE44-9679-4386-8B12-6CEA2A9DDB73}.Release|iPhone.ActiveCfg = Release|x86
		{9B03DE44-9679-4386-8B12-6CEA2A9DDB73}.Release|iPhoneSimulator.ActiveCfg = Release|x86
		{9B03DE44-9679-4386-8B12-6CEA2A9DDB73}.Release|x64.ActiveCfg = Release|x64
		{9B03DE44-9679-4386-8B12-6CEA2A9DDB73}.Release|x64.Build.0 = Release|x64
		{9B03DE44-9679-4386-8B12-6CEA2A9DDB73}.Release|x64.Deploy.0 = Release|x64
		{9B03DE44-9679-4386-8B12-6CEA2A9DDB73}.Release|x86.ActiveCfg = Release|x86
		{9B03DE44-9679-4386-8B12-6CEA2A9DDB73}.Release|x86.Build.0 = Release|x86
		{9B03DE44-9679-4386-8B12-6CEA2A9DDB73}.Release|x86.Deploy.0 = Release|x86
	EndGlobalSection
	GlobalSection(SolutionProperties) = preSolution
		HideSolutionNode = FALSE
	EndGlobalSection
	GlobalSection(ExtensibilityGlobals) = postSolution
		SolutionGuid = {89284552-ED2C-434F-AA33-A21EAC00E6C7}
	EndGlobalSection
EndGlobal
